
Microsoft Visual Studio Solution File, Format Version 12.00
# Visual Studio Version 16
VisualStudioVersion = 16.0.30717.126
MinimumVisualStudioVersion = 10.0.40219.1
Project("{FAE04EC0-301F-11D3-BF4B-00C04F79EFBC}") = "ModellenBureauBlazorVersion3.Server", "ModellenBureauBlazorVersion3\Server\ModellenBureauBlazorVersion3.Server.csproj", "{6EBDDBF3-718C-49F3-AE94-11B6D2126DED}"
EndProject
Project("{FAE04EC0-301F-11D3-BF4B-00C04F79EFBC}") = "ModellenBureauBlazorVersion3.Client", "ModellenBureauBlazorVersion3\Client\ModellenBureauBlazorVersion3.Client.csproj", "{2EB6D51B-3FE9-4A3F-9598-4A095596E127}"
EndProject
Project("{FAE04EC0-301F-11D3-BF4B-00C04F79EFBC}") = "ModellenBureauBlazorVersion3.Shared", "ModellenBureauBlazorVersion3\Shared\ModellenBureauBlazorVersion3.Shared.csproj", "{4D7881A1-F38C-45FB-A4E4-A4C29D9A767C}"
EndProject
Global
	GlobalSection(SolutionConfigurationPlatforms) = preSolution
		Debug|Any CPU = Debug|Any CPU
		Release|Any CPU = Release|Any CPU
	EndGlobalSection
	GlobalSection(ProjectConfigurationPlatforms) = postSolution
		{6EBDDBF3-718C-49F3-AE94-11B6D2126DED}.Debug|Any CPU.ActiveCfg = Debug|Any CPU
		{6EBDDBF3-718C-49F3-AE94-11B6D2126DED}.Debug|Any CPU.Build.0 = Debug|Any CPU
		{6EBDDBF3-718C-49F3-AE94-11B6D2126DED}.Release|Any CPU.ActiveCfg = Release|Any CPU
		{6EBDDBF3-718C-49F3-AE94-11B6D2126DED}.Release|Any CPU.Build.0 = Release|Any CPU
		{2EB6D51B-3FE9-4A3F-9598-4A095596E127}.Debug|Any CPU.ActiveCfg = Debug|Any CPU
		{2EB6D51B-3FE9-4A3F-9598-4A095596E127}.Debug|Any CPU.Build.0 = Debug|Any CPU
		{2EB6D51B-3FE9-4A3F-9598-4A095596E127}.Release|Any CPU.ActiveCfg = Release|Any CPU
		{2EB6D51B-3FE9-4A3F-9598-4A095596E127}.Release|Any CPU.Build.0 = Release|Any CPU
		{4D7881A1-F38C-45FB-A4E4-A4C29D9A767C}.Debug|Any CPU.ActiveCfg = Debug|Any CPU
		{4D7881A1-F38C-45FB-A4E4-A4C29D9A767C}.Debug|Any CPU.Build.0 = Debug|Any CPU
		{4D7881A1-F38C-45FB-A4E4-A4C29D9A767C}.Release|Any CPU.ActiveCfg = Release|Any CPU
		{4D7881A1-F38C-45FB-A4E4-A4C29D9A767C}.Release|Any CPU.Build.0 = Release|Any CPU
	EndGlobalSection
	GlobalSection(SolutionProperties) = preSolution
		HideSolutionNode = FALSE
	EndGlobalSection
	GlobalSection(ExtensibilityGlobals) = postSolution
		SolutionGuid = {B1E3CB04-3949-486F-A5B2-CFE9F2B8E0A6}
	EndGlobalSection
EndGlobal
